version: 6
environments:
  default:
    channels:
    - url: https://conda.anaconda.org/nvidia/
    - url: https://conda.anaconda.org/conda-forge/
    - url: https://conda.anaconda.org/pytorch/
    - url: https://conda.anaconda.org/huggingface/
    indexes:
    - https://pypi.org/simple
    packages:
      win-64:
      - conda: https://conda.anaconda.org/conda-forge/win-64/blas-1.0-mkl.tar.bz2
      - conda: https://conda.anaconda.org/conda-forge/win-64/bzip2-1.0.8-h2466b09_7.conda
      - conda: https://conda.anaconda.org/conda-forge/win-64/ca-certificates-2024.12.14-h56e8100_0.conda
      - conda: https://conda.anaconda.org/nvidia/win-64/cuda-cccl-12.6.77-0.conda
      - conda: https://conda.anaconda.org/nvidia/noarch/cuda-cccl_win-64-12.6.77-0.conda
      - conda: https://conda.anaconda.org/nvidia/win-64/cuda-cudart-12.4.127-0.tar.bz2
      - conda: https://conda.anaconda.org/nvidia/win-64/cuda-cudart-dev-12.4.127-0.tar.bz2
      - conda: https://conda.anaconda.org/nvidia/win-64/cuda-cupti-12.4.127-0.tar.bz2
      - conda: https://conda.anaconda.org/nvidia/win-64/cuda-libraries-12.4.1-0.tar.bz2
      - conda: https://conda.anaconda.org/nvidia/win-64/cuda-libraries-dev-12.4.1-0.tar.bz2
      - conda: https://conda.anaconda.org/nvidia/win-64/cuda-nvrtc-12.4.127-0.tar.bz2
      - conda: https://conda.anaconda.org/nvidia/win-64/cuda-nvrtc-dev-12.4.127-0.tar.bz2
      - conda: https://conda.anaconda.org/nvidia/win-64/cuda-nvtx-12.4.127-0.tar.bz2
      - conda: https://conda.anaconda.org/nvidia/win-64/cuda-opencl-12.6.77-0.conda
      - conda: https://conda.anaconda.org/nvidia/win-64/cuda-opencl-dev-12.6.77-0.conda
      - conda: https://conda.anaconda.org/nvidia/win-64/cuda-profiler-api-12.6.77-0.conda
      - conda: https://conda.anaconda.org/nvidia/win-64/cuda-runtime-12.4.1-0.tar.bz2
      - conda: https://conda.anaconda.org/nvidia/noarch/cuda-version-12.6-3.conda
      - conda: https://conda.anaconda.org/conda-forge/noarch/filelock-3.16.1-pyhd8ed1ab_1.conda
      - conda: https://conda.anaconda.org/conda-forge/win-64/intel-openmp-2025.0.0-h57928b3_1164.conda
      - conda: https://conda.anaconda.org/conda-forge/noarch/jinja2-3.1.5-pyhd8ed1ab_0.conda
      - conda: https://conda.anaconda.org/nvidia/win-64/libcublas-12.4.5.8-0.tar.bz2
      - conda: https://conda.anaconda.org/nvidia/win-64/libcublas-dev-12.4.5.8-0.tar.bz2
      - conda: https://conda.anaconda.org/nvidia/win-64/libcufft-11.2.1.3-0.tar.bz2
      - conda: https://conda.anaconda.org/nvidia/win-64/libcufft-dev-11.2.1.3-0.tar.bz2
      - conda: https://conda.anaconda.org/nvidia/win-64/libcurand-10.3.7.77-0.conda
      - conda: https://conda.anaconda.org/nvidia/win-64/libcurand-dev-10.3.7.77-0.conda
      - conda: https://conda.anaconda.org/nvidia/win-64/libcusolver-11.6.1.9-0.tar.bz2
      - conda: https://conda.anaconda.org/nvidia/win-64/libcusolver-dev-11.6.1.9-0.tar.bz2
      - conda: https://conda.anaconda.org/nvidia/win-64/libcusparse-12.3.1.170-0.tar.bz2
      - conda: https://conda.anaconda.org/nvidia/win-64/libcusparse-dev-12.3.1.170-0.tar.bz2
      - conda: https://conda.anaconda.org/conda-forge/win-64/libexpat-2.6.4-he0c23c2_0.conda
      - conda: https://conda.anaconda.org/conda-forge/win-64/libffi-3.4.2-h8ffe710_5.tar.bz2
      - conda: https://conda.anaconda.org/conda-forge/win-64/libhwloc-2.11.2-default_ha69328c_1001.conda
      - conda: https://conda.anaconda.org/conda-forge/win-64/libiconv-1.17-hcfcfb64_2.conda
      - conda: https://conda.anaconda.org/conda-forge/win-64/liblzma-5.6.3-h2466b09_1.conda
      - conda: https://conda.anaconda.org/nvidia/win-64/libnpp-12.2.5.30-0.tar.bz2
      - conda: https://conda.anaconda.org/nvidia/win-64/libnpp-dev-12.2.5.30-0.tar.bz2
      - conda: https://conda.anaconda.org/nvidia/win-64/libnvfatbin-12.6.77-0.conda
      - conda: https://conda.anaconda.org/nvidia/win-64/libnvfatbin-dev-12.6.77-0.conda
      - conda: https://conda.anaconda.org/nvidia/win-64/libnvjitlink-12.4.127-0.tar.bz2
      - conda: https://conda.anaconda.org/nvidia/win-64/libnvjitlink-dev-12.4.127-0.tar.bz2
      - conda: https://conda.anaconda.org/nvidia/win-64/libnvjpeg-12.3.1.117-0.tar.bz2
      - conda: https://conda.anaconda.org/nvidia/win-64/libnvjpeg-dev-12.3.1.117-0.tar.bz2
      - conda: https://conda.anaconda.org/conda-forge/win-64/libsqlite-3.47.2-h67fdade_0.conda
      - conda: https://conda.anaconda.org/conda-forge/win-64/libuv-1.49.2-h2466b09_0.conda
      - conda: https://conda.anaconda.org/conda-forge/win-64/libwinpthread-12.0.0.r4.gg4f2fc60ca-h57928b3_8.conda
      - conda: https://conda.anaconda.org/conda-forge/win-64/libxml2-2.13.5-he286e8c_1.conda
      - conda: https://conda.anaconda.org/conda-forge/win-64/libzlib-1.3.1-h2466b09_2.conda
      - conda: https://conda.anaconda.org/conda-forge/win-64/markupsafe-3.0.2-py312h31fea79_1.conda
      - conda: https://conda.anaconda.org/conda-forge/win-64/mkl-2023.1.0-h6a75c08_48682.conda
      - conda: https://conda.anaconda.org/conda-forge/noarch/mpmath-1.3.0-pyhd8ed1ab_1.conda
      - conda: https://conda.anaconda.org/conda-forge/noarch/networkx-3.4.2-pyh267e887_2.conda
      - conda: https://conda.anaconda.org/conda-forge/win-64/openssl-3.4.0-h2466b09_0.conda
      - conda: https://conda.anaconda.org/conda-forge/win-64/python-3.12.8-h3f84c4b_1_cpython.conda
      - conda: https://conda.anaconda.org/conda-forge/win-64/python_abi-3.12-5_cp312.conda
      - conda: https://conda.anaconda.org/pytorch/win-64/pytorch-2.5.1-py3.12_cuda12.4_cudnn9_0.tar.bz2
      - conda: https://conda.anaconda.org/pytorch/win-64/pytorch-cuda-12.4-h3fd98bf_7.tar.bz2
      - conda: https://conda.anaconda.org/pytorch/noarch/pytorch-mutex-1.0-cuda.tar.bz2
      - conda: https://conda.anaconda.org/conda-forge/win-64/pyyaml-6.0.2-py312h4389bb4_1.conda
      - conda: https://conda.anaconda.org/conda-forge/noarch/sympy-1.13.3-pyh04b8f61_4.conda
      - conda: https://conda.anaconda.org/conda-forge/win-64/tbb-2021.13.0-h62715c5_1.conda
      - conda: https://conda.anaconda.org/conda-forge/win-64/tk-8.6.13-h5226925_1.conda
      - conda: https://conda.anaconda.org/conda-forge/noarch/typing_extensions-4.12.2-pyha770c72_1.conda
      - conda: https://conda.anaconda.org/conda-forge/noarch/tzdata-2024b-hc8b5060_0.conda
      - conda: https://conda.anaconda.org/conda-forge/win-64/ucrt-10.0.22621.0-h57928b3_1.conda
      - conda: https://conda.anaconda.org/conda-forge/win-64/vc-14.3-ha32ba9b_23.conda
      - conda: https://conda.anaconda.org/conda-forge/win-64/vc14_runtime-14.42.34433-he29a5d6_23.conda
      - conda: https://conda.anaconda.org/conda-forge/win-64/vs2015_runtime-14.42.34433-hdffcdeb_23.conda
      - conda: https://conda.anaconda.org/conda-forge/win-64/yaml-0.2.5-h8ffe710_2.tar.bz2
      - pypi: .
packages:
- conda: https://conda.anaconda.org/conda-forge/win-64/blas-1.0-mkl.tar.bz2
  sha256: 4d605a266a84dfb4845dcffdca741b26a8e5ec5445254a998bca1fbbc231836f
  md5: f621d7bbe874786272e62d72c5a7b4fc
  depends:
  - mkl
  track_features:
  - blas_mkl
  license: BSD 3-clause
  purls: []
  size: 1390
- conda: https://conda.anaconda.org/conda-forge/win-64/bzip2-1.0.8-h2466b09_7.conda
  sha256: 35a5dad92e88fdd7fc405e864ec239486f4f31eec229e31686e61a140a8e573b
  md5: 276e7ffe9ffe39688abc665ef0f45596
  depends:
  - ucrt >=10.0.20348.0
  - vc >=14.2,<15
  - vc14_runtime >=14.29.30139
  arch: x86_64
  platform: win
  license: bzip2-1.0.6
  license_family: BSD
  purls: []
  size: 54927
  timestamp: 1720974860185
- conda: https://conda.anaconda.org/conda-forge/win-64/ca-certificates-2024.12.14-h56e8100_0.conda
  sha256: 424d82db36cd26234bc4772426170efd60e888c2aed0099a257a95e131683a5e
  md5: cb2eaeb88549ddb27af533eccf9a45c1
  arch: x86_64
  platform: win
  license: ISC
  purls: []
  size: 157422
  timestamp: 1734208404685
- conda: https://conda.anaconda.org/nvidia/win-64/cuda-cccl-12.6.77-0.conda
  sha256: a6ad8e5b749a552804631e3792bda569d2991ba771dd1befa9f730a936b61c87
  md5: c5754b6831b46b098317c3d264863864
  depends:
  - cuda-cccl_win-64 12.6.77
  - cuda-version >=12.6,<12.7.0a0
  arch: x86_64
  platform: win
  license: LicenseRef-NVIDIA-End-User-License-Agreement
  size: 16876
  timestamp: 1726134122984
- conda: https://conda.anaconda.org/nvidia/noarch/cuda-cccl_win-64-12.6.77-0.conda
  sha256: b3cb658ebb5b396db6edf19da9d37ac591f359c503efc13a055aa2bdab175bac
  md5: a834568a5c138b6656d4df718d5121a9
  depends:
  - cuda-version >=12.6,<12.7.0a0
  license: LicenseRef-NVIDIA-End-User-License-Agreement
  size: 1062490
  timestamp: 1726134112948
- conda: https://conda.anaconda.org/nvidia/win-64/cuda-cudart-12.4.127-0.tar.bz2
  sha256: db4c8b924800e9232cf6c9294597c4485f94c637252dbc0ef20fee450279a8b8
  md5: beb86e539e40cb2ddba9b2f897cc4da1
  arch: x86_64
  platform: win
  size: 1028527
  timestamp: 1710545430234
- conda: https://conda.anaconda.org/nvidia/win-64/cuda-cudart-dev-12.4.127-0.tar.bz2
  sha256: cf87e1dfe93407d8e4dc85683568fcbbc55c76e98d770615a1e09822a21998d5
  md5: 86051f568f1f3810548939c9e540cea5
  depends:
  - cuda-cccl
  - cuda-cudart >=12.4.127
  arch: x86_64
  platform: win
  size: 611628
  timestamp: 1710545502261
- conda: https://conda.anaconda.org/nvidia/win-64/cuda-cupti-12.4.127-0.tar.bz2
  sha256: 3c4e89d1ee24053bda3dda876b5bd087d6c52b54ba020cec61098ea2c653a389
  md5: 2e04ac4d039f4a44a9743c14c4082c5b
  arch: x86_64
  platform: win
  size: 13532691
  timestamp: 1710543364860
- conda: https://conda.anaconda.org/nvidia/win-64/cuda-libraries-12.4.1-0.tar.bz2
  sha256: efe84822ed4ea8803084ae75f5438535415b3b630e02e935a0a32162746c385a
  md5: 643aa9b1a8a9d301f339861e0f4a9854
  depends:
  - cuda-cudart >=12.4.127
  - cuda-nvrtc >=12.4.127
  - cuda-opencl >=12.4.127
  - libcublas >=12.4.5.8
  - libcufft >=11.2.1.3
  - libcurand >=10.3.5.147
  - libcusolver >=11.6.1.9
  - libcusparse >=12.3.1.170
  - libnpp >=12.2.5.30
  - libnvfatbin >=12.4.127
  - libnvjitlink >=12.4.127
  - libnvjpeg >=12.3.1.117
  arch: x86_64
  platform: win
  size: 1854
  timestamp: 1711654578045
- conda: https://conda.anaconda.org/nvidia/win-64/cuda-libraries-dev-12.4.1-0.tar.bz2
  sha256: 8649141c2a9fec6a8f33993c83b18c4df4eaa1888337e082c52a5b5b7ae6cbae
  md5: a0ca5fc4d6b3b83af8b6567661fce51e
  depends:
  - cuda-cccl >=12.4.127
  - cuda-cudart-dev >=12.4.127
  - cuda-nvrtc-dev >=12.4.127
  - cuda-opencl-dev >=12.4.127
  - cuda-profiler-api >=12.4.127
  - libcublas-dev >=12.4.5.8
  - libcufft-dev >=11.2.1.3
  - libcurand-dev >=10.3.5.147
  - libcusolver-dev >=11.6.1.9
  - libcusparse-dev >=12.3.1.170
  - libnpp-dev >=12.2.5.30
  - libnvfatbin-dev >=12.4.127
  - libnvjitlink-dev >=12.4.127
  - libnvjpeg-dev >=12.3.1.117
  arch: x86_64
  platform: win
  size: 1888
  timestamp: 1711654638574
- conda: https://conda.anaconda.org/nvidia/win-64/cuda-nvrtc-12.4.127-0.tar.bz2
  sha256: ce33b6f96560f48515e27afec5616d60d9c0109bbf4da0392a1e929b515567f0
  md5: 6322ce93990aeed889b69255fa04a5f8
  arch: x86_64
  platform: win
  size: 81791963
  timestamp: 1710544344596
- conda: https://conda.anaconda.org/nvidia/win-64/cuda-nvrtc-dev-12.4.127-0.tar.bz2
  sha256: c022188647d9809e5c6b4a3c50ecc9bc6c80f05466223f8cfff0c9521456cdb5
  md5: c5f15dced260e0353a65b043dea2562b
  depends:
  - cuda-nvrtc >=12.4.127
  arch: x86_64
  platform: win
  size: 18063913
  timestamp: 1710544480124
- conda: https://conda.anaconda.org/nvidia/win-64/cuda-nvtx-12.4.127-0.tar.bz2
  sha256: 09fb6f1e33a866ed91fc86c2e53e86e43a4b406dc2584b6d05f92ae56b13ba2a
  md5: 091f53e67f8e42bcfa13665d9aa0c3ab
  arch: x86_64
  platform: win
  size: 42129
  timestamp: 1710541051423
- conda: https://conda.anaconda.org/nvidia/win-64/cuda-opencl-12.6.77-0.conda
  sha256: fdc9811b316496f74d27c78167e87efcf9243578e8e0c001bacb7e0809ce8ce3
  md5: 8b95a43f51900cf4cc966229a6554689
  depends:
  - cuda-version >=12.6,<12.7.0a0
  - vc >=14.1,<15.0a0
  - vs2015_runtime >=14.16.27012,<15.0a0
  arch: x86_64
  platform: win
  license: LicenseRef-NVIDIA-End-User-License-Agreement
  size: 16876
  timestamp: 1726138924077
- conda: https://conda.anaconda.org/nvidia/win-64/cuda-opencl-dev-12.6.77-0.conda
  sha256: 4d6d6e66fc6cb1ad3b7d39e6ef4861eccdf2c2558d93cc4f7d30891cd267c3cb
  md5: 8314278038d284c72d304bdee8954dae
  depends:
  - cuda-opencl 12.6.77 0
  - cuda-version >=12.6,<12.7.0a0
  - vc >=14.1,<15.0a0
  - vs2015_runtime >=14.16.27012,<15.0a0
  arch: x86_64
  platform: win
  license: LicenseRef-NVIDIA-End-User-License-Agreement
  size: 98732
  timestamp: 1726138927081
- conda: https://conda.anaconda.org/nvidia/win-64/cuda-profiler-api-12.6.77-0.conda
  sha256: b02d58f1e9222d5fdb5b5dd564b4ac3e303bb8dce4e73dd601298b3176ef59f2
  md5: ef1d1a59dc32c83b3d3c5871d8d30b45
  depends:
  - cuda-cudart-dev
  - cuda-version >=12.6,<12.7.0a0
  arch: x86_64
  platform: win
  license: LicenseRef-NVIDIA-End-User-License-Agreement
  size: 19484
  timestamp: 1726138323958
- conda: https://conda.anaconda.org/nvidia/win-64/cuda-runtime-12.4.1-0.tar.bz2
  sha256: 6208eda98aeb9677b99c1ecf07c333ad977b6c8819c3cb2c473b0f898a2f96b9
  md5: 5b33a606990588eb09ad23d674f490d1
  depends:
  - cuda-libraries >=12.4.1
  arch: x86_64
  platform: win
  size: 1760
  timestamp: 1711654881162
- conda: https://conda.anaconda.org/nvidia/noarch/cuda-version-12.6-3.conda
  sha256: 8bc0cef23e0d09db7ef1daf074085e617dd0782939ff6a8bf534eb9a96631bf8
  md5: 891f903c9f517090678c8a65ce685084
  constrains:
  - __cuda >=12
  - cudatoolkit 12.6|12.6.*
  license: LicenseRef-NVIDIA-End-User-License-Agreement
  size: 16879
  timestamp: 1731637711722
- conda: https://conda.anaconda.org/conda-forge/noarch/filelock-3.16.1-pyhd8ed1ab_1.conda
  sha256: 18dca6e2194732df7ebf824abaefe999e4765ebe8e8a061269406ab88fc418b9
  md5: d692e9ba6f92dc51484bf3477e36ce7c
  depends:
  - python >=3.9
  license: Unlicense
  purls:
  - pkg:pypi/filelock?source=hash-mapping
  size: 17441
  timestamp: 1733240909987
- conda: https://conda.anaconda.org/conda-forge/win-64/intel-openmp-2025.0.0-h57928b3_1164.conda
  sha256: 5f2b57211e9ec07273f9963742be0a43d8b8e786e4e6c60b33e662c8e3e4cbeb
  md5: b36ba21470b584524f111d59ed3efbd0
  arch: x86_64
  platform: win
  license: LicenseRef-IntelSimplifiedSoftwareOct2022
  license_family: Proprietary
  purls: []
  size: 1908526
  timestamp: 1731327735346
- conda: https://conda.anaconda.org/conda-forge/noarch/jinja2-3.1.5-pyhd8ed1ab_0.conda
  sha256: 98977694b9ecaa3218662f843425f39501f81973c450f995eec68f1803ed71c3
  md5: 2752a6ed44105bfb18c9bef1177d9dcd
  depends:
  - markupsafe >=2.0
  - python >=3.9
  license: BSD-3-Clause
  purls:
  - pkg:pypi/jinja2?source=hash-mapping
  size: 112561
  timestamp: 1734824044952
- conda: https://conda.anaconda.org/nvidia/win-64/libcublas-12.4.5.8-0.tar.bz2
  sha256: 45536c2176e79a02d52d9347a6888cd8a44a590f7fe02319106d889fd7341447
  md5: f0c09cc7daea6c4f88447948e582b778
  arch: x86_64
  platform: win
  size: 35171
  timestamp: 1711455085444
- conda: https://conda.anaconda.org/nvidia/win-64/libcublas-dev-12.4.5.8-0.tar.bz2
  sha256: 32747ea55f66df4d059275d0a137f4436ee2deb34d733992b7ca9a6c783cb98c
  md5: 4cef35b1d916d30c81b0cf05e7b36327
  depends:
  - libcublas >=12.4.5.8
  arch: x86_64
  platform: win
  size: 361381245
  timestamp: 1711455367600
- conda: https://conda.anaconda.org/nvidia/win-64/libcufft-11.2.1.3-0.tar.bz2
  sha256: b349231aa80555fa576d06bac443b57fac2cd81787c20e661e2f0e9d57bc2ae5
  md5: dc06b183f8f738201bc2596f83998d83
  arch: x86_64
  platform: win
  size: 6086
  timestamp: 1710546148766
- conda: https://conda.anaconda.org/nvidia/win-64/libcufft-dev-11.2.1.3-0.tar.bz2
  sha256: c1c0f3f5d936bc2ced7990f653d688e7c0c25bad24510c764124172918e74981
  md5: cf314f36b8ece1e6930ac998b8fa22aa
  depends:
  - libcufft >=11.2.1.3
  arch: x86_64
  platform: win
  size: 198753382
  timestamp: 1710546296741
- conda: https://conda.anaconda.org/nvidia/win-64/libcurand-10.3.7.77-0.conda
  sha256: c5407b5ed850ad8bc22ba7e921ab41888d51220207a84662cfe11b6da7b97e34
  md5: 867e3e8f0a1dc3a5b312300f8fd81e02
  depends:
  - cuda-version >=12.6,<12.7.0a0
  - vc >=14.1,<15.0a0
  - vs2015_runtime >=14.16.27012,<15.0a0
  arch: x86_64
  platform: win
  license: LicenseRef-NVIDIA-End-User-License-Agreement
  size: 43629282
  timestamp: 1726139909244
- conda: https://conda.anaconda.org/nvidia/win-64/libcurand-dev-10.3.7.77-0.conda
  sha256: 7d803ec8933e0b60cb8465a78f212afe700d728f3a0b40b096cb4a57d0b137a8
  md5: 2e64727e7b5db8167e413f4fdec1c1d5
  depends:
  - cuda-version >=12.6,<12.7.0a0
  - libcurand 10.3.7.77 0
  - vc >=14.1,<15.0a0
  - vs2015_runtime >=14.16.27012,<15.0a0
  arch: x86_64
  platform: win
  license: LicenseRef-NVIDIA-End-User-License-Agreement
  size: 268335
  timestamp: 1726139936544
- conda: https://conda.anaconda.org/nvidia/win-64/libcusolver-11.6.1.9-0.tar.bz2
  sha256: 8d9d2991b27e6dd66bf354170c82c0bc47d72887608abfb28bc355255ebac647
  md5: bbcfa30b8dc8886329358c1559c7a794
  arch: x86_64
  platform: win
  size: 29805
  timestamp: 1711630059586
- conda: https://conda.anaconda.org/nvidia/win-64/libcusolver-dev-11.6.1.9-0.tar.bz2
  sha256: 3d2b4fa24a66e034c0d4148329a0885941a12292459a791c0fd3cde8f839e088
  md5: d2ea6c1a8abe5a436c9f59a35e45a69f
  depends:
  - libcusolver >=11.6.1.9
  arch: x86_64
  platform: win
  size: 116774002
  timestamp: 1711630142669
- conda: https://conda.anaconda.org/nvidia/win-64/libcusparse-12.3.1.170-0.tar.bz2
  sha256: f1f893ea386bd60faefb6f00c381c3ff5d37e1ade5cc76ebcd7ab237a7501ae7
  md5: 3d3de5146dabaff5a217710fa052a159
  arch: x86_64
  platform: win
  size: 13077
  timestamp: 1710546804883
- conda: https://conda.anaconda.org/nvidia/win-64/libcusparse-dev-12.3.1.170-0.tar.bz2
  sha256: 5b85df69a99e1990254bbbcc5ce1c4ef24820b648bf1009474de367a06248746
  md5: 6591783b48eac8d587cca3ced3adfe7f
  depends:
  - libcusparse >=12.3.1.170
  arch: x86_64
  platform: win
  size: 184496918
  timestamp: 1710546892759
- conda: https://conda.anaconda.org/conda-forge/win-64/libexpat-2.6.4-he0c23c2_0.conda
  sha256: 0c0447bf20d1013d5603499de93a16b6faa92d7ead870d96305c0f065b6a5a12
  md5: eb383771c680aa792feb529eaf9df82f
  depends:
  - ucrt >=10.0.20348.0
  - vc >=14.2,<15
  - vc14_runtime >=14.29.30139
  constrains:
  - expat 2.6.4.*
  arch: x86_64
  platform: win
  license: MIT
  license_family: MIT
  purls: []
  size: 139068
  timestamp: 1730967442102
- conda: https://conda.anaconda.org/conda-forge/win-64/libffi-3.4.2-h8ffe710_5.tar.bz2
  sha256: 1951ab740f80660e9bc07d2ed3aefb874d78c107264fd810f24a1a6211d4b1a5
  md5: 2c96d1b6915b408893f9472569dee135
  depends:
  - vc >=14.1,<15.0a0
  - vs2015_runtime >=14.16.27012
  arch: x86_64
  platform: win
  license: MIT
  license_family: MIT
  purls: []
  size: 42063
  timestamp: 1636489106777
- conda: https://conda.anaconda.org/conda-forge/win-64/libhwloc-2.11.2-default_ha69328c_1001.conda
  sha256: 850e255997f538d5fb6ed651321141155a33bb781d43d326fc4ff62114dd2842
  md5: b87a0ac5ab6495d8225db5dc72dd21cd
  depends:
  - libwinpthread >=12.0.0.r4.gg4f2fc60ca
  - libxml2 >=2.13.4,<3.0a0
  - ucrt >=10.0.20348.0
  - vc >=14.2,<15
  - vc14_runtime >=14.29.30139
  arch: x86_64
  platform: win
  license: BSD-3-Clause
  license_family: BSD
  purls: []
  size: 2390021
  timestamp: 1731375651179
- conda: https://conda.anaconda.org/conda-forge/win-64/libiconv-1.17-hcfcfb64_2.conda
  sha256: 5f844dd19b046d43174ad80c6ea75b5d504020e3b63cfbc4ace97b8730d35c7b
  md5: e1eb10b1cca179f2baa3601e4efc8712
  depends:
  - ucrt >=10.0.20348.0
  - vc >=14.2,<15
  - vc14_runtime >=14.29.30139
  arch: x86_64
  platform: win
  license: LGPL-2.1-only
  purls: []
  size: 636146
  timestamp: 1702682547199
- conda: https://conda.anaconda.org/conda-forge/win-64/liblzma-5.6.3-h2466b09_1.conda
  sha256: 24d04bd55adfa44c421c99ce169df38cb1ad2bba5f43151bc847fc802496a1fa
  md5: 015b9c0bd1eef60729ab577a38aaf0b5
  depends:
  - ucrt >=10.0.20348.0
  - vc >=14.2,<15
  - vc14_runtime >=14.29.30139
  arch: x86_64
  platform: win
  license: 0BSD
  purls: []
  size: 104332
  timestamp: 1733407872569
- conda: https://conda.anaconda.org/nvidia/win-64/libnpp-12.2.5.30-0.tar.bz2
  sha256: 0e5799c28b9d3a7486c205431785dcccde09342a03b595875550eab3908dfdb3
  md5: ef1bbea5b348039d82d18604b2deefdf
  arch: x86_64
  platform: win
  size: 317786
  timestamp: 1710548580563
- conda: https://conda.anaconda.org/nvidia/win-64/libnpp-dev-12.2.5.30-0.tar.bz2
  sha256: 4bf0b9448cbeba4ed4f2b67b0ae31dcc337f77e076d8af06301dba0dd4a974f5
  md5: af51f6595654ae6b575cb5685a1dd9f4
  depends:
  - libnpp >=12.2.5.30
  arch: x86_64
  platform: win
  size: 145964412
  timestamp: 1710548706373
- conda: https://conda.anaconda.org/nvidia/win-64/libnvfatbin-12.6.77-0.conda
  sha256: 1916efb363c013bba5356be4f05dfa0e651baeaaeae8f0345fed617254d69180
  md5: 4ed0641b359f146eede6ca311ab9d6f8
  depends:
  - cuda-version >=12.6,<12.7.0a0
  - vc >=14.1,<15.0a0
  - vs2015_runtime >=14.16.27012,<15.0a0
  arch: x86_64
  platform: win
  license: LicenseRef-NVIDIA-End-User-License-Agreement
  size: 330909
  timestamp: 1726138800387
- conda: https://conda.anaconda.org/nvidia/win-64/libnvfatbin-dev-12.6.77-0.conda
  sha256: 184db74cb15d06c201485674b78b14c6b0437894e3435b6702a2bc0ac5a0a241
  md5: 4a44fd1a64affd60837bbe15c1b5dcbc
  depends:
  - cuda-version >=12.6,<12.7.0a0
  - libnvfatbin 12.6.77 0
  - vc >=14.1,<15.0a0
  - vs2015_runtime >=14.16.27012,<15.0a0
  constrains:
  - liblibnvfatbin-static >=12.6.77
  arch: x86_64
  platform: win
  license: LicenseRef-NVIDIA-End-User-License-Agreement
  size: 1375143
  timestamp: 1726138809067
- conda: https://conda.anaconda.org/nvidia/win-64/libnvjitlink-12.4.127-0.tar.bz2
  sha256: 3aeefafd9903e06bf7ee2631aaf40914c20b662a41152d839ce60cd1b7662e1a
  md5: 4f27cf320adcb572623d9c47d34b03a8
  arch: x86_64
  platform: win
  size: 75274766
  timestamp: 1710544473587
- conda: https://conda.anaconda.org/nvidia/win-64/libnvjitlink-dev-12.4.127-0.tar.bz2
  sha256: e37037722b70062965eecaadbb65140a1e4da131aa506206fb37088b76d8ac1d
  md5: 882af73613637782d7122abe499e6aac
  depends:
  - libnvjitlink >=12.4.127
  arch: x86_64
  platform: win
  size: 14991006
  timestamp: 1710544602969
- conda: https://conda.anaconda.org/nvidia/win-64/libnvjpeg-12.3.1.117-0.tar.bz2
  sha256: a0d59a353c24a7b94fe5f1fb45087d1d8c905b6045e318176d40dc8847e961a8
  md5: 3cc2be851bf0a74a00b62ba91651a3f0
  arch: x86_64
  platform: win
  size: 5050
  timestamp: 1710545702272
- conda: https://conda.anaconda.org/nvidia/win-64/libnvjpeg-dev-12.3.1.117-0.tar.bz2
  sha256: 89cd948aeb10758a72cc763df14a9cafc2b6bae1f87562bdfc97376dd563eb19
  md5: 49fe5ba7019892aee92531981864066b
  depends:
  - libnvjpeg >=12.3.1.117
  arch: x86_64
  platform: win
  size: 2621000
  timestamp: 1710545783617
- conda: https://conda.anaconda.org/conda-forge/win-64/libsqlite-3.47.2-h67fdade_0.conda
  sha256: ecfc0182c3b2e63c870581be1fa0e4dbdfec70d2011cb4f5bde416ece26c41df
  md5: ff00095330e0d35a16bd3bdbd1a2d3e7
  depends:
  - ucrt >=10.0.20348.0
  - vc >=14.2,<15
  - vc14_runtime >=14.29.30139
  arch: x86_64
  platform: win
  license: Unlicense
  purls: []
  size: 891292
  timestamp: 1733762116902
- conda: https://conda.anaconda.org/conda-forge/win-64/libuv-1.49.2-h2466b09_0.conda
  sha256: d598c536f0e432901ba8b489564799f6f570471b2a3ce9b76e152ee0a961a380
  md5: 30ebb43533efcdc8c357ef409bad86b6
  depends:
  - ucrt >=10.0.20348.0
  - vc >=14.2,<15
  - vc14_runtime >=14.29.30139
  arch: x86_64
  platform: win
  license: MIT
  license_family: MIT
  purls: []
  size: 290376
  timestamp: 1729322844056
- conda: https://conda.anaconda.org/conda-forge/win-64/libwinpthread-12.0.0.r4.gg4f2fc60ca-h57928b3_8.conda
  sha256: 6d5e158813ab8d553fbb0fedd0abe7bf92970b0be3a9ddf12da0f6cbad78f506
  md5: 03cccbba200ee0523bde1f3dad60b1f3
  depends:
  - ucrt
  constrains:
  - pthreads-win32 <0.0a0
  - msys2-conda-epoch <0.0a0
  arch: x86_64
  platform: win
  license: MIT AND BSD-3-Clause-Clear
  purls: []
  size: 35433
  timestamp: 1724681489463
- conda: https://conda.anaconda.org/conda-forge/win-64/libxml2-2.13.5-he286e8c_1.conda
  sha256: 084dd4dde342f13c43ee418d153ac5b2610f95be029073a15fa9dda22b130d06
  md5: 77eaa84f90fc90643c5a0be0aa9bdd1b
  depends:
  - libiconv >=1.17,<2.0a0
  - libzlib >=1.3.1,<2.0a0
  - ucrt >=10.0.20348.0
  - vc >=14.2,<15
  - vc14_runtime >=14.29.30139
  arch: x86_64
  platform: win
  license: MIT
  license_family: MIT
  purls: []
  size: 1612294
  timestamp: 1733443909984
- conda: https://conda.anaconda.org/conda-forge/win-64/libzlib-1.3.1-h2466b09_2.conda
  sha256: ba945c6493449bed0e6e29883c4943817f7c79cbff52b83360f7b341277c6402
  md5: 41fbfac52c601159df6c01f875de31b9
  depends:
  - ucrt >=10.0.20348.0
  - vc >=14.2,<15
  - vc14_runtime >=14.29.30139
  constrains:
  - zlib 1.3.1 *_2
  arch: x86_64
  platform: win
  license: Zlib
  license_family: Other
  purls: []
  size: 55476
  timestamp: 1727963768015
- conda: https://conda.anaconda.org/conda-forge/win-64/markupsafe-3.0.2-py312h31fea79_1.conda
  sha256: bbb9595fe72231a8fbc8909cfa479af93741ecd2d28dfe37f8f205fef5df2217
  md5: 944fdd848abfbd6929e57c790b8174dd
  depends:
  - python >=3.12,<3.13.0a0
  - python_abi 3.12.* *_cp312
  - ucrt >=10.0.20348.0
  - vc >=14.2,<15
  - vc14_runtime >=14.29.30139
  constrains:
  - jinja2 >=3.0.0
  arch: x86_64
  platform: win
  license: BSD-3-Clause
  license_family: BSD
  purls:
  - pkg:pypi/markupsafe?source=hash-mapping
  size: 27582
  timestamp: 1733220007802
- conda: https://conda.anaconda.org/conda-forge/win-64/mkl-2023.1.0-h6a75c08_48682.conda
  sha256: 4475f772520087890e49006cab030083e69a21534d2ea48ebf2f33f94636886e
  md5: 178c90a4d129d2c25150220a866b422d
  depends:
  - intel-openmp
  - tbb 2021.*
  arch: x86_64
  platform: win
  license: LicenseRef-ProprietaryIntel
  license_family: Proprietary
  purls: []
  size: 143887984
  timestamp: 1681894555912
- conda: https://conda.anaconda.org/conda-forge/noarch/mpmath-1.3.0-pyhd8ed1ab_1.conda
  sha256: 7d7aa3fcd6f42b76bd711182f3776a02bef09a68c5f117d66b712a6d81368692
  md5: 3585aa87c43ab15b167b574cd73b057b
  depends:
  - python >=3.9
  license: BSD-3-Clause
  license_family: BSD
  purls:
  - pkg:pypi/mpmath?source=hash-mapping
  size: 439705
  timestamp: 1733302781386
- conda: https://conda.anaconda.org/conda-forge/noarch/networkx-3.4.2-pyh267e887_2.conda
  sha256: 39625cd0c9747fa5c46a9a90683b8997d8b9649881b3dc88336b13b7bdd60117
  md5: fd40bf7f7f4bc4b647dc8512053d9873
  depends:
  - python >=3.10
  - python
  constrains:
  - numpy >=1.24
  - scipy >=1.10,!=1.11.0,!=1.11.1
  - matplotlib >=3.7
  - pandas >=2.0
  license: BSD-3-Clause
  license_family: BSD
  purls: []
  size: 1265008
  timestamp: 1731521053408
- conda: https://conda.anaconda.org/conda-forge/win-64/openssl-3.4.0-h2466b09_0.conda
  sha256: e03045a0837e01ff5c75e9273a572553e7522290799807f918c917a9826a6484
  md5: d0d805d9b5524a14efb51b3bff965e83
  depends:
  - ca-certificates
  - ucrt >=10.0.20348.0
  - vc >=14.2,<15
  - vc14_runtime >=14.29.30139
  arch: x86_64
  platform: win
  license: Apache-2.0
  license_family: Apache
  purls: []
  size: 8491156
  timestamp: 1731379715927
- conda: https://conda.anaconda.org/conda-forge/win-64/python-3.12.8-h3f84c4b_1_cpython.conda
  build_number: 1
  sha256: e1b37a398b3e2ea363de7cff6706e5ec2a5eb36b211132150e8601d7afd8f3aa
  md5: 8cd0693344796fb32087185fca16f4cc
  depends:
  - bzip2 >=1.0.8,<2.0a0
  - libexpat >=2.6.4,<3.0a0
  - libffi >=3.4,<4.0a0
  - liblzma >=5.6.3,<6.0a0
  - libsqlite >=3.47.0,<4.0a0
  - libzlib >=1.3.1,<2.0a0
  - openssl >=3.4.0,<4.0a0
  - tk >=8.6.13,<8.7.0a0
  - tzdata
  - ucrt >=10.0.20348.0
  - vc >=14.2,<15
  - vc14_runtime >=14.29.30139
  constrains:
  - python_abi 3.12.* *_cp312
  arch: x86_64
  platform: win
  license: Python-2.0
  purls: []
  size: 15812363
  timestamp: 1733408080064
- conda: https://conda.anaconda.org/conda-forge/win-64/python_abi-3.12-5_cp312.conda
  build_number: 5
  sha256: 9486662af81a219e96d343449eff242f38d7c5128ced5ce5acf85857265058d6
  md5: e8681f534453af7afab4cd2bc1423eec
  constrains:
  - python 3.12.* *_cpython
  arch: x86_64
  platform: win
  license: BSD-3-Clause
  license_family: BSD
  purls: []
  size: 6730
  timestamp: 1723823139725
- conda: https://conda.anaconda.org/pytorch/win-64/pytorch-2.5.1-py3.12_cuda12.4_cudnn9_0.tar.bz2
  sha256: c8267fb07dd7820531f8695a60a5d7698b4acffff92891fd1ab1f16a7e6a6003
  md5: 31be6423e7d910ebb66e00157ea00f54
  depends:
  - blas * mkl
  - filelock
  - intel-openmp
  - jinja2
  - libuv >=1.48.0,<2.0a0
  - mkl 2023.1.*
  - networkx
  - python >=3.12,<3.13.0a0
  - pytorch-cuda >=12.4,<12.5
  - pytorch-mutex 1.0 cuda
  - pyyaml
  - sympy
  - typing_extensions
  constrains:
  - cpuonly <0
  arch: x86_64
  platform: win
  license: BSD 3-Clause
  license_family: BSD
  purls:
  - pkg:pypi/torch?source=hash-mapping
  size: 1297801403
  timestamp: 1729658252430
- conda: https://conda.anaconda.org/pytorch/win-64/pytorch-cuda-12.4-h3fd98bf_7.tar.bz2
  sha256: 7c8818c7d08eae0203618e76036eb6747327b48a8398bb597e8e164db2552152
  md5: d27efe54209449afc5ffea8bce41d3d2
  depends:
  - cuda-cudart >=12.4,<12.5
  - cuda-cudart-dev >=12.4,<12.5
  - cuda-cupti >=12.4,<12.5
  - cuda-libraries >=12.4,<12.5
  - cuda-libraries-dev >=12.4,<12.5
  - cuda-nvrtc >=12.4,<12.5
  - cuda-nvrtc-dev >=12.4,<12.5
  - cuda-nvtx >=12.4,<12.5
  - cuda-runtime >=12.4,<12.5
  - libcublas >=12.4.5.8,<12.5.2.13
  - libcublas-dev >=12.4.5.8,<12.5.2.13
  - libcufft >=11.2.1.3,<11.2.3.18
  - libcufft-dev >=11.2.1.3,<11.2.3.18
  - libcusolver >=11.6.1.9,<11.6.2.40
  - libcusolver-dev >=11.6.1.9,<11.6.2.40
  - libcusparse >=12.3.1.170,<12.4.1.18
  - libcusparse-dev >=12.3.1.170,<12.4.1.18
  - libnpp >=12.2.5.30,<12.3.0.116
  - libnpp-dev >=12.2.5.30,<12.3.0.116
  - libnvjitlink >=12.4.127,<12.5.40
  - libnvjpeg >=12.3.1.117,<12.3.2.38
  - libnvjpeg-dev >=12.3.1.117,<12.3.2.38
  arch: x86_64
  platform: win
  purls: []
  size: 7279
  timestamp: 1724179673614
- conda: https://conda.anaconda.org/pytorch/noarch/pytorch-mutex-1.0-cuda.tar.bz2
  build_number: 100
  sha256: c16316183f51b74ca5eee4dcb8631052f328c0bbf244176734a0b7d390b81ee3
  md5: a948316e36fb5b11223b3fcfa93f8358
  purls: []
  size: 2906
  timestamp: 1628062930777
- conda: https://conda.anaconda.org/conda-forge/win-64/pyyaml-6.0.2-py312h4389bb4_1.conda
  sha256: fa3ede1fa2ed6ea0a51095aeea398f6f0f54af036c4bc525726107cfb49229d5
  md5: afb7809721516919c276b45f847c085f
  depends:
  - python >=3.12,<3.13.0a0
  - python_abi 3.12.* *_cp312
  - ucrt >=10.0.20348.0
  - vc >=14.2,<15
  - vc14_runtime >=14.29.30139
  - yaml >=0.2.5,<0.3.0a0
  arch: x86_64
  platform: win
  license: MIT
  license_family: MIT
  purls:
  - pkg:pypi/pyyaml?source=hash-mapping
  size: 181227
  timestamp: 1725456516473
- pypi: .
  name: spectrum-merge
  version: 1.0.0
  sha256: ed99a8347cca3d706c1aa462b19a60367d728a974086c1f9c922736c2d74ca4b
  requires_python: <3.13
  editable: true
- conda: https://conda.anaconda.org/conda-forge/noarch/sympy-1.13.3-pyh04b8f61_4.conda
  sha256: d27f44a326303c0696576a8bbed914c615a3cc80eceec2d8d5c43443543e4ace
  md5: 2a21aa47a06649f3fe2808a1ec680d67
  depends:
  - mpmath >=0.19
  - python >=3.8
  license: BSD-3-Clause
  license_family: BSD
  purls:
  - pkg:pypi/sympy?source=hash-mapping
  size: 4564964
  timestamp: 1728484583318
- conda: https://conda.anaconda.org/conda-forge/win-64/tbb-2021.13.0-h62715c5_1.conda
  sha256: 03cc5442046485b03dd1120d0f49d35a7e522930a2ab82f275e938e17b07b302
  md5: 9190dd0a23d925f7602f9628b3aed511
  depends:
  - libhwloc >=2.11.2,<2.11.3.0a0
  - ucrt >=10.0.20348.0
  - vc >=14.2,<15
  - vc14_runtime >=14.29.30139
  arch: x86_64
  platform: win
  license: Apache-2.0
  license_family: APACHE
  purls: []
  size: 151460
  timestamp: 1732982860332
- conda: https://conda.anaconda.org/conda-forge/win-64/tk-8.6.13-h5226925_1.conda
  sha256: 2c4e914f521ccb2718946645108c9bd3fc3216ba69aea20c2c3cedbd8db32bb1
  md5: fc048363eb8f03cd1737600a5d08aafe
  depends:
  - ucrt >=10.0.20348.0
  - vc >=14.2,<15
  - vc14_runtime >=14.29.30139
  arch: x86_64
  platform: win
  license: TCL
  license_family: BSD
  purls: []
  size: 3503410
  timestamp: 1699202577803
- conda: https://conda.anaconda.org/conda-forge/noarch/typing_extensions-4.12.2-pyha770c72_1.conda
  sha256: 337be7af5af8b2817f115b3b68870208b30c31d3439bec07bfb2d8f4823e3568
  md5: d17f13df8b65464ca316cbc000a3cb64
  depends:
  - python >=3.9
  license: PSF-2.0
  license_family: PSF
  purls:
  - pkg:pypi/typing-extensions?source=hash-mapping
  size: 39637
  timestamp: 1733188758212
- conda: https://conda.anaconda.org/conda-forge/noarch/tzdata-2024b-hc8b5060_0.conda
  sha256: 4fde5c3008bf5d2db82f2b50204464314cc3c91c1d953652f7bd01d9e52aefdf
  md5: 8ac3367aafb1cc0a068483c580af8015
  license: LicenseRef-Public-Domain
  purls: []
  size: 122354
  timestamp: 1728047496079
- conda: https://conda.anaconda.org/conda-forge/win-64/ucrt-10.0.22621.0-h57928b3_1.conda
  sha256: db8dead3dd30fb1a032737554ce91e2819b43496a0db09927edf01c32b577450
  md5: 6797b005cd0f439c4c5c9ac565783700
  constrains:
  - vs2015_runtime >=14.29.30037
  arch: x86_64
  platform: win
  license: LicenseRef-MicrosoftWindowsSDK10
  purls: []
  size: 559710
  timestamp: 1728377334097
- conda: https://conda.anaconda.org/conda-forge/win-64/vc-14.3-ha32ba9b_23.conda
  sha256: 986ddaf8feec2904eac9535a7ddb7acda1a1dfb9482088fdb8129f1595181663
  md5: 7c10ec3158d1eb4ddff7007c9101adb0
  depends:
  - vc14_runtime >=14.38.33135
  arch: x86_64
  platform: win
  track_features:
  - vc14
  license: BSD-3-Clause
  license_family: BSD
  purls: []
  size: 17479
  timestamp: 1731710827215
- conda: https://conda.anaconda.org/conda-forge/win-64/vc14_runtime-14.42.34433-he29a5d6_23.conda
  sha256: c483b090c4251a260aba6ff3e83a307bcfb5fb24ad7ced872ab5d02971bd3a49
  md5: 32b37d0cfa80da34548501cdc913a832
  depends:
  - ucrt >=10.0.20348.0
  constrains:
  - vs2015_runtime 14.42.34433.* *_23
  arch: x86_64
  platform: win
  license: LicenseRef-MicrosoftVisualCpp2015-2022Runtime
  license_family: Proprietary
  purls: []
  size: 754247
  timestamp: 1731710681163
- conda: https://conda.anaconda.org/conda-forge/win-64/vs2015_runtime-14.42.34433-hdffcdeb_23.conda
  sha256: 568ce8151eaae256f1cef752fc78651ad7a86ff05153cc7a4740b52ae6536118
  md5: 5c176975ca2b8366abad3c97b3cd1e83
  depends:
  - vc14_runtime >=14.42.34433
  arch: x86_64
  platform: win
  license: BSD-3-Clause
  license_family: BSD
  purls: []
  size: 17572
  timestamp: 1731710685291
- conda: https://conda.anaconda.org/conda-forge/win-64/yaml-0.2.5-h8ffe710_2.tar.bz2
  sha256: 4e2246383003acbad9682c7c63178e2e715ad0eb84f03a8df1fbfba455dfedc5
  md5: adbfb9f45d1004a26763652246a33764
  depends:
  - vc >=14.1,<15.0a0
  - vs2015_runtime >=14.16.27012
  arch: x86_64
  platform: win
  license: MIT
  license_family: MIT
  purls: []
  size: 63274
  timestamp: 1641347623319
